
Microsoft Visual Studio Solution File, Format Version 12.00
# Visual Studio Version 17
VisualStudioVersion = 17.4.33122.133
MinimumVisualStudioVersion = 10.0.40219.1
Project("{2150E333-8FDC-42A3-9474-1A3956D46DE8}") = "_Getting started", "_Getting started", "{A036D57E-880E-4740-97B0-7E649C23820D}"
	ProjectSection(SolutionItems) = preProject
		..\README.txt = ..\README.txt
	EndProjectSection
EndProject
Project("{2150E333-8FDC-42A3-9474-1A3956D46DE8}") = "Examples by feature", "Examples by feature", "{3F27D2B3-3E38-47D3-860D-1CF167CE967F}"
EndProject
Project("{2150E333-8FDC-42A3-9474-1A3956D46DE8}") = "Sample files", "Sample files", "{BD79A19F-2074-4AAE-8A3F-5EB1E53D556D}"
	ProjectSection(SolutionItems) = preProject
		..\Files\MixedTransactions.txt = ..\Files\MixedTransactions.txt
		..\Files\PharmacyRequest.txt = ..\Files\PharmacyRequest.txt
		..\Files\PrescriptionRequestCorruptHeader.txt = ..\Files\PrescriptionRequestCorruptHeader.txt
		..\Files\PrescriptionRequestCorruptUIH.txt = ..\Files\PrescriptionRequestCorruptUIH.txt
		..\Files\PrescriptionRequestNoEnvelope_NEWRX.txt = ..\Files\PrescriptionRequestNoEnvelope_NEWRX.txt
		..\Files\PrescriptionRequests_NEWRX.txt = ..\Files\PrescriptionRequests_NEWRX.txt
		..\Files\PrescriptionRequest_NEWRX.json = ..\Files\PrescriptionRequest_NEWRX.json
		..\Files\PrescriptionRequest_NEWRX.txt = ..\Files\PrescriptionRequest_NEWRX.txt
		..\Files\PrescriptionRequest_NEWRX.xml = ..\Files\PrescriptionRequest_NEWRX.xml
		..\Files\PrescriptionRequest_NEWRX2.xml = ..\Files\PrescriptionRequest_NEWRX2.xml
	EndProjectSection
EndProject
Project("{FAE04EC0-301F-11D3-BF4B-00C04F79EFBC}") = "EdiFabric.Examples.NCPDP.Script.Common", "EdiFabric.Examples.NCPDP.Script.Common\EdiFabric.Examples.NCPDP.Script.Common.csproj", "{2524A7D5-720C-41FA-B66C-1B87132B739D}"
EndProject
Project("{FAE04EC0-301F-11D3-BF4B-00C04F79EFBC}") = "EdiFabric.Examples.NCPDP.Script.Demo", "EdiFabric.Examples.NCPDP.Script.Demo\EdiFabric.Examples.NCPDP.Script.Demo.csproj", "{C172BBDA-5386-467D-8D77-73714D6D3EFD}"
EndProject
Project("{FAE04EC0-301F-11D3-BF4B-00C04F79EFBC}") = "EdiFabric.Examples.NCPDP.Script.JSON", "EdiFabric.Examples.NCPDP.Script.JSON\EdiFabric.Examples.NCPDP.Script.JSON.csproj", "{FC9A25E2-4D42-42AD-9233-DE806AF5A432}"
EndProject
Project("{FAE04EC0-301F-11D3-BF4B-00C04F79EFBC}") = "EdiFabric.Examples.NCPDP.Script.ReadNCPDP", "EdiFabric.Examples.NCPDP.Script.ReadNCPDP\EdiFabric.Examples.NCPDP.Script.ReadNCPDP.csproj", "{B1E74B1C-1D35-413D-8778-0330EC4239C7}"
EndProject
Project("{FAE04EC0-301F-11D3-BF4B-00C04F79EFBC}") = "EdiFabric.Examples.NCPDP.Script.ValidateNCPDP", "EdiFabric.Examples.NCPDP.Script.ValidateNCPDP\EdiFabric.Examples.NCPDP.Script.ValidateNCPDP.csproj", "{E6CB6949-1273-4512-99B7-C423EB0C9D9F}"
EndProject
Project("{FAE04EC0-301F-11D3-BF4B-00C04F79EFBC}") = "EdiFabric.Examples.NCPDP.Script.WriteNCPDP", "EdiFabric.Examples.NCPDP.Script.WriteNCPDP\EdiFabric.Examples.NCPDP.Script.WriteNCPDP.csproj", "{F10CD709-C7D4-44F2-AB09-5BBD1F669A98}"
EndProject
Project("{FAE04EC0-301F-11D3-BF4B-00C04F79EFBC}") = "EdiFabric.Examples.NCPDP.Script.XML", "EdiFabric.Examples.NCPDP.Script.XML\EdiFabric.Examples.NCPDP.Script.XML.csproj", "{D65AD804-97E6-47E6-AD59-052048DBA68A}"
EndProject
Global
	GlobalSection(SolutionConfigurationPlatforms) = preSolution
		Debug|Any CPU = Debug|Any CPU
		Release|Any CPU = Release|Any CPU
	EndGlobalSection
	GlobalSection(ProjectConfigurationPlatforms) = postSolution
		{2524A7D5-720C-41FA-B66C-1B87132B739D}.Debug|Any CPU.ActiveCfg = Debug|Any CPU
		{2524A7D5-720C-41FA-B66C-1B87132B739D}.Debug|Any CPU.Build.0 = Debug|Any CPU
		{2524A7D5-720C-41FA-B66C-1B87132B739D}.Release|Any CPU.ActiveCfg = Release|Any CPU
		{2524A7D5-720C-41FA-B66C-1B87132B739D}.Release|Any CPU.Build.0 = Release|Any CPU
		{C172BBDA-5386-467D-8D77-73714D6D3EFD}.Debug|Any CPU.ActiveCfg = Debug|Any CPU
		{C172BBDA-5386-467D-8D77-73714D6D3EFD}.Debug|Any CPU.Build.0 = Debug|Any CPU
		{C172BBDA-5386-467D-8D77-73714D6D3EFD}.Release|Any CPU.ActiveCfg = Release|Any CPU
		{C172BBDA-5386-467D-8D77-73714D6D3EFD}.Release|Any CPU.Build.0 = Release|Any CPU
		{FC9A25E2-4D42-42AD-9233-DE806AF5A432}.Debug|Any CPU.ActiveCfg = Debug|Any CPU
		{FC9A25E2-4D42-42AD-9233-DE806AF5A432}.Debug|Any CPU.Build.0 = Debug|Any CPU
		{FC9A25E2-4D42-42AD-9233-DE806AF5A432}.Release|Any CPU.ActiveCfg = Release|Any CPU
		{FC9A25E2-4D42-42AD-9233-DE806AF5A432}.Release|Any CPU.Build.0 = Release|Any CPU
		{B1E74B1C-1D35-413D-8778-0330EC4239C7}.Debug|Any CPU.ActiveCfg = Debug|Any CPU
		{B1E74B1C-1D35-413D-8778-0330EC4239C7}.Debug|Any CPU.Build.0 = Debug|Any CPU
		{B1E74B1C-1D35-413D-8778-0330EC4239C7}.Release|Any CPU.ActiveCfg = Release|Any CPU
		{B1E74B1C-1D35-413D-8778-0330EC4239C7}.Release|Any CPU.Build.0 = Release|Any CPU
		{E6CB6949-1273-4512-99B7-C423EB0C9D9F}.Debug|Any CPU.ActiveCfg = Debug|Any CPU
		{E6CB6949-1273-4512-99B7-C423EB0C9D9F}.Debug|Any CPU.Build.0 = Debug|Any CPU
		{E6CB6949-1273-4512-99B7-C423EB0C9D9F}.Release|Any CPU.ActiveCfg = Release|Any CPU
		{E6CB6949-1273-4512-99B7-C423EB0C9D9F}.Release|Any CPU.Build.0 = Release|Any CPU
		{F10CD709-C7D4-44F2-AB09-5BBD1F669A98}.Debug|Any CPU.ActiveCfg = Debug|Any CPU
		{F10CD709-C7D4-44F2-AB09-5BBD1F669A98}.Debug|Any CPU.Build.0 = Debug|Any CPU
		{F10CD709-C7D4-44F2-AB09-5BBD1F669A98}.Release|Any CPU.ActiveCfg = Release|Any CPU
		{F10CD709-C7D4-44F2-AB09-5BBD1F669A98}.Release|Any CPU.Build.0 = Release|Any CPU
		{D65AD804-97E6-47E6-AD59-052048DBA68A}.Debug|Any CPU.ActiveCfg = Debug|Any CPU
		{D65AD804-97E6-47E6-AD59-052048DBA68A}.Debug|Any CPU.Build.0 = Debug|Any CPU
		{D65AD804-97E6-47E6-AD59-052048DBA68A}.Release|Any CPU.ActiveCfg = Release|Any CPU
		{D65AD804-97E6-47E6-AD59-052048DBA68A}.Release|Any CPU.Build.0 = Release|Any CPU
	EndGlobalSection
	GlobalSection(SolutionProperties) = preSolution
		HideSolutionNode = FALSE
	EndGlobalSection
	GlobalSection(NestedProjects) = preSolution
		{FC9A25E2-4D42-42AD-9233-DE806AF5A432} = {3F27D2B3-3E38-47D3-860D-1CF167CE967F}
		{B1E74B1C-1D35-413D-8778-0330EC4239C7} = {3F27D2B3-3E38-47D3-860D-1CF167CE967F}
		{E6CB6949-1273-4512-99B7-C423EB0C9D9F} = {3F27D2B3-3E38-47D3-860D-1CF167CE967F}
		{F10CD709-C7D4-44F2-AB09-5BBD1F669A98} = {3F27D2B3-3E38-47D3-860D-1CF167CE967F}
		{D65AD804-97E6-47E6-AD59-052048DBA68A} = {3F27D2B3-3E38-47D3-860D-1CF167CE967F}
	EndGlobalSection
	GlobalSection(ExtensibilityGlobals) = postSolution
		SolutionGuid = {BF90A516-7CB1-49AE-9768-CE070F289D21}
	EndGlobalSection
EndGlobal
